
Microsoft Visual Studio Solution File, Format Version 12.00
Project("{FAE04EC0-301F-11D3-BF4B-00C04F79EFBC}") = "SuperSocket.Kestrel", "SuperSocket.Kestrel\SuperSocket.Kestrel.csproj", "{DEFD1CB4-F933-4D67-BE58-1775BD0577A8}"
EndProject
Global
	GlobalSection(SolutionConfigurationPlatforms) = preSolution
		Debug|Any CPU = Debug|Any CPU
		Release|Any CPU = Release|Any CPU
	EndGlobalSection
	GlobalSection(ProjectConfigurationPlatforms) = postSolution
		{DEFD1CB4-F933-4D67-BE58-1775BD0577A8}.Debug|Any CPU.ActiveCfg = Debug|Any CPU
		{DEFD1CB4-F933-4D67-BE58-1775BD0577A8}.Debug|Any CPU.Build.0 = Debug|Any CPU
		{DEFD1CB4-F933-4D67-BE58-1775BD0577A8}.Release|Any CPU.ActiveCfg = Release|Any CPU
		{DEFD1CB4-F933-4D67-BE58-1775BD0577A8}.Release|Any CPU.Build.0 = Release|Any CPU
	EndGlobalSection
EndGlobal
