
Microsoft Visual Studio Solution File, Format Version 12.00
Project("{2150E333-8FDC-42A3-9474-1A3956D46DE8}") = "src", "src", "{59422464-DC20-4033-ACAE-9B04735EC8DA}"
EndProject
Project("{FAE04EC0-301F-11D3-BF4B-00C04F79EFBC}") = "Microsoft.AspNetCore.Server.PipeLine", "src\Microsoft.AspNetCore.Server.PipeLine\Microsoft.AspNetCore.Server.PipeLine.csproj", "{7207C86D-7636-4985-A75C-7B3E5E8BACC6}"
EndProject
Project("{FAE04EC0-301F-11D3-BF4B-00C04F79EFBC}") = "SuperSocket.IOCPTcpChannel", "src\SuperSocket.IOCPTcpChannel\SuperSocket.IOCPTcpChannel.csproj", "{9B051E9B-3598-4CF5-A141-65FCF2C41B3F}"
EndProject
Project("{FAE04EC0-301F-11D3-BF4B-00C04F79EFBC}") = "SuperSocket.IOCPTcpChannelCreatorFactory", "src\SuperSocket.IOCPTcpChannelCreatorFactory\SuperSocket.IOCPTcpChannelCreatorFactory.csproj", "{0D1FFF84-9775-4E4A-B3D4-09BE21669D62}"
EndProject
Project("{FAE04EC0-301F-11D3-BF4B-00C04F79EFBC}") = "SuperSocket.IOCPTcpEasyClient", "src\SuperSocket.IOCPTcpEasyClient\SuperSocket.IOCPTcpEasyClient.csproj", "{330ADF1C-0783-4597-95E9-238508E5C821}"
EndProject
Project("{FAE04EC0-301F-11D3-BF4B-00C04F79EFBC}") = "SuperSocket.Kestrel", "src\SuperSocket.Kestrel\SuperSocket.Kestrel.csproj", "{6E57D260-F78E-42BD-A025-24DDBB2E54F4}"
EndProject
Project("{2150E333-8FDC-42A3-9474-1A3956D46DE8}") = "samples", "samples", "{006B3D54-7EE0-4E23-8E77-BA4F3C2B8377}"
EndProject
Project("{FAE04EC0-301F-11D3-BF4B-00C04F79EFBC}") = "Client", "samples\Client\Client.csproj", "{16A30C99-C536-4E1A-904A-B9D6E0F29C2C}"
EndProject
Project("{FAE04EC0-301F-11D3-BF4B-00C04F79EFBC}") = "Core", "samples\Core\Core.csproj", "{5A842725-9AFB-4295-9824-1EBF7470D260}"
EndProject
Project("{FAE04EC0-301F-11D3-BF4B-00C04F79EFBC}") = "Commands", "samples\Commands\Commands.csproj", "{F86E3277-C6B6-45BD-847F-BBBC97C91FD4}"
EndProject
Project("{FAE04EC0-301F-11D3-BF4B-00C04F79EFBC}") = "Client.Benchmarks", "samples\Client.Benchmarks\Client.Benchmarks.csproj", "{2838E2C1-1A48-4193-80CE-B1CD0A2C4ECF}"
EndProject
Project("{FAE04EC0-301F-11D3-BF4B-00C04F79EFBC}") = "Kestrel.Abp.Server", "samples\Kestrel.Abp.Server\Kestrel.Abp.Server.csproj", "{EF46505B-086E-4F74-8349-0E91FA152584}"
EndProject
Project("{FAE04EC0-301F-11D3-BF4B-00C04F79EFBC}") = "Kestrel.App", "samples\Kestrel.App\Kestrel.App.csproj", "{49E9F23D-5606-431A-9E98-5DD54CB3B282}"
EndProject
Project("{FAE04EC0-301F-11D3-BF4B-00C04F79EFBC}") = "SuperSocket.Console.Server", "samples\SuperSocket.Console.Server\SuperSocket.Console.Server.csproj", "{801C398A-5119-4E70-B7D5-CD49CBAC9C61}"
EndProject
Project("{FAE04EC0-301F-11D3-BF4B-00C04F79EFBC}") = "WorkerService", "samples\WorkerService\WorkerService.csproj", "{91374D55-FE8B-4CB3-8A47-6F05DF3A176A}"
EndProject
Project("{FAE04EC0-301F-11D3-BF4B-00C04F79EFBC}") = "SuperSocket.Kestrel.Channel", "src\SuperSocket.Kestrel.Channel\SuperSocket.Kestrel.Channel.csproj", "{286BF215-64F7-4B3B-97F6-0A6648534EB0}"
EndProject
Global
	GlobalSection(SolutionConfigurationPlatforms) = preSolution
		Debug|Any CPU = Debug|Any CPU
		Release|Any CPU = Release|Any CPU
	EndGlobalSection
	GlobalSection(ProjectConfigurationPlatforms) = postSolution
		{7207C86D-7636-4985-A75C-7B3E5E8BACC6}.Debug|Any CPU.ActiveCfg = Debug|Any CPU
		{7207C86D-7636-4985-A75C-7B3E5E8BACC6}.Debug|Any CPU.Build.0 = Debug|Any CPU
		{7207C86D-7636-4985-A75C-7B3E5E8BACC6}.Release|Any CPU.ActiveCfg = Release|Any CPU
		{7207C86D-7636-4985-A75C-7B3E5E8BACC6}.Release|Any CPU.Build.0 = Release|Any CPU
		{9B051E9B-3598-4CF5-A141-65FCF2C41B3F}.Debug|Any CPU.ActiveCfg = Debug|Any CPU
		{9B051E9B-3598-4CF5-A141-65FCF2C41B3F}.Debug|Any CPU.Build.0 = Debug|Any CPU
		{9B051E9B-3598-4CF5-A141-65FCF2C41B3F}.Release|Any CPU.ActiveCfg = Release|Any CPU
		{9B051E9B-3598-4CF5-A141-65FCF2C41B3F}.Release|Any CPU.Build.0 = Release|Any CPU
		{0D1FFF84-9775-4E4A-B3D4-09BE21669D62}.Debug|Any CPU.ActiveCfg = Debug|Any CPU
		{0D1FFF84-9775-4E4A-B3D4-09BE21669D62}.Debug|Any CPU.Build.0 = Debug|Any CPU
		{0D1FFF84-9775-4E4A-B3D4-09BE21669D62}.Release|Any CPU.ActiveCfg = Release|Any CPU
		{0D1FFF84-9775-4E4A-B3D4-09BE21669D62}.Release|Any CPU.Build.0 = Release|Any CPU
		{330ADF1C-0783-4597-95E9-238508E5C821}.Debug|Any CPU.ActiveCfg = Debug|Any CPU
		{330ADF1C-0783-4597-95E9-238508E5C821}.Debug|Any CPU.Build.0 = Debug|Any CPU
		{330ADF1C-0783-4597-95E9-238508E5C821}.Release|Any CPU.ActiveCfg = Release|Any CPU
		{330ADF1C-0783-4597-95E9-238508E5C821}.Release|Any CPU.Build.0 = Release|Any CPU
		{6E57D260-F78E-42BD-A025-24DDBB2E54F4}.Debug|Any CPU.ActiveCfg = Debug|Any CPU
		{6E57D260-F78E-42BD-A025-24DDBB2E54F4}.Debug|Any CPU.Build.0 = Debug|Any CPU
		{6E57D260-F78E-42BD-A025-24DDBB2E54F4}.Release|Any CPU.ActiveCfg = Release|Any CPU
		{6E57D260-F78E-42BD-A025-24DDBB2E54F4}.Release|Any CPU.Build.0 = Release|Any CPU
		{16A30C99-C536-4E1A-904A-B9D6E0F29C2C}.Debug|Any CPU.ActiveCfg = Debug|Any CPU
		{16A30C99-C536-4E1A-904A-B9D6E0F29C2C}.Debug|Any CPU.Build.0 = Debug|Any CPU
		{16A30C99-C536-4E1A-904A-B9D6E0F29C2C}.Release|Any CPU.ActiveCfg = Release|Any CPU
		{16A30C99-C536-4E1A-904A-B9D6E0F29C2C}.Release|Any CPU.Build.0 = Release|Any CPU
		{5A842725-9AFB-4295-9824-1EBF7470D260}.Debug|Any CPU.ActiveCfg = Debug|Any CPU
		{5A842725-9AFB-4295-9824-1EBF7470D260}.Debug|Any CPU.Build.0 = Debug|Any CPU
		{5A842725-9AFB-4295-9824-1EBF7470D260}.Release|Any CPU.ActiveCfg = Release|Any CPU
		{5A842725-9AFB-4295-9824-1EBF7470D260}.Release|Any CPU.Build.0 = Release|Any CPU
		{F86E3277-C6B6-45BD-847F-BBBC97C91FD4}.Debug|Any CPU.ActiveCfg = Debug|Any CPU
		{F86E3277-C6B6-45BD-847F-BBBC97C91FD4}.Debug|Any CPU.Build.0 = Debug|Any CPU
		{F86E3277-C6B6-45BD-847F-BBBC97C91FD4}.Release|Any CPU.ActiveCfg = Release|Any CPU
		{F86E3277-C6B6-45BD-847F-BBBC97C91FD4}.Release|Any CPU.Build.0 = Release|Any CPU
		{2838E2C1-1A48-4193-80CE-B1CD0A2C4ECF}.Debug|Any CPU.ActiveCfg = Debug|Any CPU
		{2838E2C1-1A48-4193-80CE-B1CD0A2C4ECF}.Debug|Any CPU.Build.0 = Debug|Any CPU
		{2838E2C1-1A48-4193-80CE-B1CD0A2C4ECF}.Release|Any CPU.ActiveCfg = Release|Any CPU
		{2838E2C1-1A48-4193-80CE-B1CD0A2C4ECF}.Release|Any CPU.Build.0 = Release|Any CPU
		{EF46505B-086E-4F74-8349-0E91FA152584}.Debug|Any CPU.ActiveCfg = Debug|Any CPU
		{EF46505B-086E-4F74-8349-0E91FA152584}.Debug|Any CPU.Build.0 = Debug|Any CPU
		{EF46505B-086E-4F74-8349-0E91FA152584}.Release|Any CPU.ActiveCfg = Release|Any CPU
		{EF46505B-086E-4F74-8349-0E91FA152584}.Release|Any CPU.Build.0 = Release|Any CPU
		{49E9F23D-5606-431A-9E98-5DD54CB3B282}.Debug|Any CPU.ActiveCfg = Debug|Any CPU
		{49E9F23D-5606-431A-9E98-5DD54CB3B282}.Debug|Any CPU.Build.0 = Debug|Any CPU
		{49E9F23D-5606-431A-9E98-5DD54CB3B282}.Release|Any CPU.ActiveCfg = Release|Any CPU
		{49E9F23D-5606-431A-9E98-5DD54CB3B282}.Release|Any CPU.Build.0 = Release|Any CPU
		{801C398A-5119-4E70-B7D5-CD49CBAC9C61}.Debug|Any CPU.ActiveCfg = Debug|Any CPU
		{801C398A-5119-4E70-B7D5-CD49CBAC9C61}.Debug|Any CPU.Build.0 = Debug|Any CPU
		{801C398A-5119-4E70-B7D5-CD49CBAC9C61}.Release|Any CPU.ActiveCfg = Release|Any CPU
		{801C398A-5119-4E70-B7D5-CD49CBAC9C61}.Release|Any CPU.Build.0 = Release|Any CPU
		{91374D55-FE8B-4CB3-8A47-6F05DF3A176A}.Debug|Any CPU.ActiveCfg = Debug|Any CPU
		{91374D55-FE8B-4CB3-8A47-6F05DF3A176A}.Debug|Any CPU.Build.0 = Debug|Any CPU
		{91374D55-FE8B-4CB3-8A47-6F05DF3A176A}.Release|Any CPU.ActiveCfg = Release|Any CPU
		{91374D55-FE8B-4CB3-8A47-6F05DF3A176A}.Release|Any CPU.Build.0 = Release|Any CPU
		{286BF215-64F7-4B3B-97F6-0A6648534EB0}.Debug|Any CPU.ActiveCfg = Debug|Any CPU
		{286BF215-64F7-4B3B-97F6-0A6648534EB0}.Debug|Any CPU.Build.0 = Debug|Any CPU
		{286BF215-64F7-4B3B-97F6-0A6648534EB0}.Release|Any CPU.ActiveCfg = Release|Any CPU
		{286BF215-64F7-4B3B-97F6-0A6648534EB0}.Release|Any CPU.Build.0 = Release|Any CPU
	EndGlobalSection
	GlobalSection(NestedProjects) = preSolution
		{7207C86D-7636-4985-A75C-7B3E5E8BACC6} = {59422464-DC20-4033-ACAE-9B04735EC8DA}
		{9B051E9B-3598-4CF5-A141-65FCF2C41B3F} = {59422464-DC20-4033-ACAE-9B04735EC8DA}
		{0D1FFF84-9775-4E4A-B3D4-09BE21669D62} = {59422464-DC20-4033-ACAE-9B04735EC8DA}
		{330ADF1C-0783-4597-95E9-238508E5C821} = {59422464-DC20-4033-ACAE-9B04735EC8DA}
		{6E57D260-F78E-42BD-A025-24DDBB2E54F4} = {59422464-DC20-4033-ACAE-9B04735EC8DA}
		{16A30C99-C536-4E1A-904A-B9D6E0F29C2C} = {006B3D54-7EE0-4E23-8E77-BA4F3C2B8377}
		{5A842725-9AFB-4295-9824-1EBF7470D260} = {006B3D54-7EE0-4E23-8E77-BA4F3C2B8377}
		{F86E3277-C6B6-45BD-847F-BBBC97C91FD4} = {006B3D54-7EE0-4E23-8E77-BA4F3C2B8377}
		{2838E2C1-1A48-4193-80CE-B1CD0A2C4ECF} = {006B3D54-7EE0-4E23-8E77-BA4F3C2B8377}
		{EF46505B-086E-4F74-8349-0E91FA152584} = {006B3D54-7EE0-4E23-8E77-BA4F3C2B8377}
		{49E9F23D-5606-431A-9E98-5DD54CB3B282} = {006B3D54-7EE0-4E23-8E77-BA4F3C2B8377}
		{801C398A-5119-4E70-B7D5-CD49CBAC9C61} = {006B3D54-7EE0-4E23-8E77-BA4F3C2B8377}
		{91374D55-FE8B-4CB3-8A47-6F05DF3A176A} = {006B3D54-7EE0-4E23-8E77-BA4F3C2B8377}
		{286BF215-64F7-4B3B-97F6-0A6648534EB0} = {59422464-DC20-4033-ACAE-9B04735EC8DA}
	EndGlobalSection
EndGlobal
